
Microsoft Visual Studio Solution File, Format Version 12.00
# Visual Studio Version 17
VisualStudioVersion = 17.0.31903.59
MinimumVisualStudioVersion = 10.0.40219.1
Project("{FAE04EC0-301F-11D3-BF4B-00C04F79EFBC}") = "Timesheet.Core", "Timesheet.Core\Timesheet.Core.csproj", "{54A710CF-3B39-46C4-BD3F-8E0FBA428102}"
EndProject
Project("{FAE04EC0-301F-11D3-BF4B-00C04F79EFBC}") = "Timesheet.Web", "Timesheet.Web\Timesheet.Web.csproj", "{4E81BD14-C1F2-45F1-888B-0CD7AEBB9955}"
EndProject
Project("{FAE04EC0-301F-11D3-BF4B-00C04F79EFBC}") = "Timesheet.Tests", "Timesheet.Tests\Timesheet.Tests.csproj", "{C067018B-19BD-4416-B5D8-13B632B5C82F}"
EndProject
Global
	GlobalSection(SolutionConfigurationPlatforms) = preSolution
		Debug|Any CPU = Debug|Any CPU
		Release|Any CPU = Release|Any CPU
	EndGlobalSection
	GlobalSection(SolutionProperties) = preSolution
		HideSolutionNode = FALSE
	EndGlobalSection
	GlobalSection(ProjectConfigurationPlatforms) = postSolution
		{54A710CF-3B39-46C4-BD3F-8E0FBA428102}.Debug|Any CPU.ActiveCfg = Debug|Any CPU
		{54A710CF-3B39-46C4-BD3F-8E0FBA428102}.Debug|Any CPU.Build.0 = Debug|Any CPU
		{54A710CF-3B39-46C4-BD3F-8E0FBA428102}.Release|Any CPU.ActiveCfg = Release|Any CPU
		{54A710CF-3B39-46C4-BD3F-8E0FBA428102}.Release|Any CPU.Build.0 = Release|Any CPU
		{4E81BD14-C1F2-45F1-888B-0CD7AEBB9955}.Debug|Any CPU.ActiveCfg = Debug|Any CPU
		{4E81BD14-C1F2-45F1-888B-0CD7AEBB9955}.Debug|Any CPU.Build.0 = Debug|Any CPU
		{4E81BD14-C1F2-45F1-888B-0CD7AEBB9955}.Release|Any CPU.ActiveCfg = Release|Any CPU
		{4E81BD14-C1F2-45F1-888B-0CD7AEBB9955}.Release|Any CPU.Build.0 = Release|Any CPU
		{C067018B-19BD-4416-B5D8-13B632B5C82F}.Debug|Any CPU.ActiveCfg = Debug|Any CPU
		{C067018B-19BD-4416-B5D8-13B632B5C82F}.Debug|Any CPU.Build.0 = Debug|Any CPU
		{C067018B-19BD-4416-B5D8-13B632B5C82F}.Release|Any CPU.ActiveCfg = Release|Any CPU
		{C067018B-19BD-4416-B5D8-13B632B5C82F}.Release|Any CPU.Build.0 = Release|Any CPU
	EndGlobalSection
EndGlobal
